
Microsoft Visual Studio Solution File, Format Version 12.00
# Visual Studio 15
VisualStudioVersion = 15.0.28307.902
MinimumVisualStudioVersion = 10.0.40219.1
Project("{FAE04EC0-301F-11D3-BF4B-00C04F79EFBC}") = "AngularJs", "AngularJs\AngularJs.csproj", "{654ABD2C-72A8-4BB1-B343-47428266C499}"
EndProject
Global
	GlobalSection(SolutionConfigurationPlatforms) = preSolution
		Debug|Any CPU = Debug|Any CPU
		Release|Any CPU = Release|Any CPU
	EndGlobalSection
	GlobalSection(ProjectConfigurationPlatforms) = postSolution
		{654ABD2C-72A8-4BB1-B343-47428266C499}.Debug|Any CPU.ActiveCfg = Debug|Any CPU
		{654ABD2C-72A8-4BB1-B343-47428266C499}.Debug|Any CPU.Build.0 = Debug|Any CPU
		{654ABD2C-72A8-4BB1-B343-47428266C499}.Release|Any CPU.ActiveCfg = Release|Any CPU
		{654ABD2C-72A8-4BB1-B343-47428266C499}.Release|Any CPU.Build.0 = Release|Any CPU
	EndGlobalSection
	GlobalSection(SolutionProperties) = preSolution
		HideSolutionNode = FALSE
	EndGlobalSection
	GlobalSection(ExtensibilityGlobals) = postSolution
		SolutionGuid = {691CA814-3C28-4342-939B-2527E8595513}
	EndGlobalSection
EndGlobal
